
Microsoft Visual Studio Solution File, Format Version 12.00
# Visual Studio Version 17
VisualStudioVersion = 17.5.002.0
MinimumVisualStudioVersion = 10.0.40219.1
Project("{2150E333-8FDC-42A3-9474-1A3956D46DE8}") = "csharp-prep", "csharp-prep", "{C2E7984E-45BE-4AE8-897C-D91918EEA63D}"
EndProject
Project("{9A19103F-16F7-4668-BE54-9A1E7A4F7556}") = "Prep1", "csharp-prep\Prep1\Prep1.csproj", "{5284F06D-9CF1-4DFB-A675-77FEAA269C27}"
EndProject
Project("{9A19103F-16F7-4668-BE54-9A1E7A4F7556}") = "Prep2", "csharp-prep\Prep2\Prep2.csproj", "{41115E71-5656-4799-A2D0-1FEAB9E4F817}"
EndProject
Project("{9A19103F-16F7-4668-BE54-9A1E7A4F7556}") = "Prep3", "csharp-prep\Prep3\Prep3.csproj", "{0FAA85AE-3ADE-4064-B779-726E43E1B0C4}"
EndProject
Project("{9A19103F-16F7-4668-BE54-9A1E7A4F7556}") = "Prep4", "csharp-prep\Prep4\Prep4.csproj", "{F39E3E48-2ABB-4CAB-8E50-7CD2AC3B8F1C}"
EndProject
Project("{9A19103F-16F7-4668-BE54-9A1E7A4F7556}") = "Prep5", "csharp-prep\Prep5\Prep5.csproj", "{61E8A729-1465-46C0-A6C5-FD5FC82C4BC1}"
EndProject
Project("{2150E333-8FDC-42A3-9474-1A3956D46DE8}") = "final", "final", "{6F99ABFA-3306-4070-9190-CF300D4CC31B}"
EndProject
Project("{9A19103F-16F7-4668-BE54-9A1E7A4F7556}") = "FinalProject", "final\FinalProject\FinalProject.csproj", "{DA357CBE-40F5-44BF-A925-FDB995F9BB26}"
EndProject
Project("{9A19103F-16F7-4668-BE54-9A1E7A4F7556}") = "Foundation1", "final\Foundation1\Foundation1.csproj", "{06E166F4-6D63-49D6-A005-8ED2B953A15D}"
EndProject
Project("{9A19103F-16F7-4668-BE54-9A1E7A4F7556}") = "Foundation2", "final\Foundation2\Foundation2.csproj", "{8A70D0B8-28B6-4E68-A190-C6EE1BF5ED5A}"
EndProject
Project("{9A19103F-16F7-4668-BE54-9A1E7A4F7556}") = "Foundation3", "final\Foundation3\Foundation3.csproj", "{26F764F8-B561-42AE-93F8-30DCD69CD65B}"
EndProject
Project("{9A19103F-16F7-4668-BE54-9A1E7A4F7556}") = "Foundation4", "final\Foundation4\Foundation4.csproj", "{E25D1B96-45A9-4731-9ED2-930686634C19}"
EndProject
Project("{2150E333-8FDC-42A3-9474-1A3956D46DE8}") = "prepare", "prepare", "{2A582A72-7600-42EA-918F-64FA1B7CFFBD}"
EndProject
Project("{9A19103F-16F7-4668-BE54-9A1E7A4F7556}") = "Learning02", "prepare\Learning02\Learning02.csproj", "{C09D56DD-5518-4881-9206-1CC4F8FD2EE0}"
EndProject
Project("{9A19103F-16F7-4668-BE54-9A1E7A4F7556}") = "Learning03", "prepare\Learning03\Learning03.csproj", "{EA16E28B-9E42-47B8-A4A6-7052300BF3E3}"
EndProject
Project("{9A19103F-16F7-4668-BE54-9A1E7A4F7556}") = "Learning04", "prepare\Learning04\Learning04.csproj", "{CECA8298-A25F-4C93-9B34-FC0E51EF720C}"
EndProject
Project("{9A19103F-16F7-4668-BE54-9A1E7A4F7556}") = "Learning05", "prepare\Learning05\Learning05.csproj", "{63B10475-1EAD-42CF-962E-467C210AB2B5}"
EndProject
Project("{2150E333-8FDC-42A3-9474-1A3956D46DE8}") = "prove", "prove", "{414396F1-D3C7-4382-A344-CE1C0F6C49A2}"
EndProject
Project("{9A19103F-16F7-4668-BE54-9A1E7A4F7556}") = "Develop02", "prove\Develop02\Develop02.csproj", "{12F856F1-A2D7-4F88-B999-41BBD6D89965}"
EndProject
Project("{9A19103F-16F7-4668-BE54-9A1E7A4F7556}") = "Develop03", "prove\Develop03\Develop03.csproj", "{444CEAD6-B5A3-442E-8462-A0E4529786C6}"
EndProject
Project("{9A19103F-16F7-4668-BE54-9A1E7A4F7556}") = "Develop04", "prove\Develop04\Develop04.csproj", "{6D6E68BA-463F-4DF7-9F47-85745CB95E61}"
EndProject
Project("{9A19103F-16F7-4668-BE54-9A1E7A4F7556}") = "Develop05", "prove\Develop05\Develop05.csproj", "{9DC7AE24-0359-45D3-BA20-409FB44CCFEF}"
EndProject
Project("{2150E333-8FDC-42A3-9474-1A3956D46DE8}") = "sandbox", "sandbox", "{359D228C-15E7-45E0-B3D4-06FF213F6080}"
EndProject
Project("{9A19103F-16F7-4668-BE54-9A1E7A4F7556}") = "Sandbox", "sandbox\Sandbox\Sandbox.csproj", "{D55F6F75-7757-4DB4-9C90-63EF2DBCE5C6}"
EndProject
Global
	GlobalSection(SolutionConfigurationPlatforms) = preSolution
		Debug|Any CPU = Debug|Any CPU
		Release|Any CPU = Release|Any CPU
	EndGlobalSection
	GlobalSection(ProjectConfigurationPlatforms) = postSolution
		{5284F06D-9CF1-4DFB-A675-77FEAA269C27}.Debug|Any CPU.ActiveCfg = Debug|Any CPU
		{5284F06D-9CF1-4DFB-A675-77FEAA269C27}.Debug|Any CPU.Build.0 = Debug|Any CPU
		{5284F06D-9CF1-4DFB-A675-77FEAA269C27}.Release|Any CPU.ActiveCfg = Release|Any CPU
		{5284F06D-9CF1-4DFB-A675-77FEAA269C27}.Release|Any CPU.Build.0 = Release|Any CPU
		{41115E71-5656-4799-A2D0-1FEAB9E4F817}.Debug|Any CPU.ActiveCfg = Debug|Any CPU
		{41115E71-5656-4799-A2D0-1FEAB9E4F817}.Debug|Any CPU.Build.0 = Debug|Any CPU
		{41115E71-5656-4799-A2D0-1FEAB9E4F817}.Release|Any CPU.ActiveCfg = Release|Any CPU
		{41115E71-5656-4799-A2D0-1FEAB9E4F817}.Release|Any CPU.Build.0 = Release|Any CPU
		{0FAA85AE-3ADE-4064-B779-726E43E1B0C4}.Debug|Any CPU.ActiveCfg = Debug|Any CPU
		{0FAA85AE-3ADE-4064-B779-726E43E1B0C4}.Debug|Any CPU.Build.0 = Debug|Any CPU
		{0FAA85AE-3ADE-4064-B779-726E43E1B0C4}.Release|Any CPU.ActiveCfg = Release|Any CPU
		{0FAA85AE-3ADE-4064-B779-726E43E1B0C4}.Release|Any CPU.Build.0 = Release|Any CPU
		{F39E3E48-2ABB-4CAB-8E50-7CD2AC3B8F1C}.Debug|Any CPU.ActiveCfg = Debug|Any CPU
		{F39E3E48-2ABB-4CAB-8E50-7CD2AC3B8F1C}.Debug|Any CPU.Build.0 = Debug|Any CPU
		{F39E3E48-2ABB-4CAB-8E50-7CD2AC3B8F1C}.Release|Any CPU.ActiveCfg = Release|Any CPU
		{F39E3E48-2ABB-4CAB-8E50-7CD2AC3B8F1C}.Release|Any CPU.Build.0 = Release|Any CPU
		{61E8A729-1465-46C0-A6C5-FD5FC82C4BC1}.Debug|Any CPU.ActiveCfg = Debug|Any CPU
		{61E8A729-1465-46C0-A6C5-FD5FC82C4BC1}.Debug|Any CPU.Build.0 = Debug|Any CPU
		{61E8A729-1465-46C0-A6C5-FD5FC82C4BC1}.Release|Any CPU.ActiveCfg = Release|Any CPU
		{61E8A729-1465-46C0-A6C5-FD5FC82C4BC1}.Release|Any CPU.Build.0 = Release|Any CPU
		{DA357CBE-40F5-44BF-A925-FDB995F9BB26}.Debug|Any CPU.ActiveCfg = Debug|Any CPU
		{DA357CBE-40F5-44BF-A925-FDB995F9BB26}.Debug|Any CPU.Build.0 = Debug|Any CPU
		{DA357CBE-40F5-44BF-A925-FDB995F9BB26}.Release|Any CPU.ActiveCfg = Release|Any CPU
		{DA357CBE-40F5-44BF-A925-FDB995F9BB26}.Release|Any CPU.Build.0 = Release|Any CPU
		{06E166F4-6D63-49D6-A005-8ED2B953A15D}.Debug|Any CPU.ActiveCfg = Debug|Any CPU
		{06E166F4-6D63-49D6-A005-8ED2B953A15D}.Debug|Any CPU.Build.0 = Debug|Any CPU
		{06E166F4-6D63-49D6-A005-8ED2B953A15D}.Release|Any CPU.ActiveCfg = Release|Any CPU
		{06E166F4-6D63-49D6-A005-8ED2B953A15D}.Release|Any CPU.Build.0 = Release|Any CPU
		{8A70D0B8-28B6-4E68-A190-C6EE1BF5ED5A}.Debug|Any CPU.ActiveCfg = Debug|Any CPU
		{8A70D0B8-28B6-4E68-A190-C6EE1BF5ED5A}.Debug|Any CPU.Build.0 = Debug|Any CPU
		{8A70D0B8-28B6-4E68-A190-C6EE1BF5ED5A}.Release|Any CPU.ActiveCfg = Release|Any CPU
		{8A70D0B8-28B6-4E68-A190-C6EE1BF5ED5A}.Release|Any CPU.Build.0 = Release|Any CPU
		{26F764F8-B561-42AE-93F8-30DCD69CD65B}.Debug|Any CPU.ActiveCfg = Debug|Any CPU
		{26F764F8-B561-42AE-93F8-30DCD69CD65B}.Debug|Any CPU.Build.0 = Debug|Any CPU
		{26F764F8-B561-42AE-93F8-30DCD69CD65B}.Release|Any CPU.ActiveCfg = Release|Any CPU
		{26F764F8-B561-42AE-93F8-30DCD69CD65B}.Release|Any CPU.Build.0 = Release|Any CPU
		{E25D1B96-45A9-4731-9ED2-930686634C19}.Debug|Any CPU.ActiveCfg = Debug|Any CPU
		{E25D1B96-45A9-4731-9ED2-930686634C19}.Debug|Any CPU.Build.0 = Debug|Any CPU
		{E25D1B96-45A9-4731-9ED2-930686634C19}.Release|Any CPU.ActiveCfg = Release|Any CPU
		{E25D1B96-45A9-4731-9ED2-930686634C19}.Release|Any CPU.Build.0 = Release|Any CPU
		{C09D56DD-5518-4881-9206-1CC4F8FD2EE0}.Debug|Any CPU.ActiveCfg = Debug|Any CPU
		{C09D56DD-5518-4881-9206-1CC4F8FD2EE0}.Debug|Any CPU.Build.0 = Debug|Any CPU
		{C09D56DD-5518-4881-9206-1CC4F8FD2EE0}.Release|Any CPU.ActiveCfg = Release|Any CPU
		{C09D56DD-5518-4881-9206-1CC4F8FD2EE0}.Release|Any CPU.Build.0 = Release|Any CPU
		{EA16E28B-9E42-47B8-A4A6-7052300BF3E3}.Debug|Any CPU.ActiveCfg = Debug|Any CPU
		{EA16E28B-9E42-47B8-A4A6-7052300BF3E3}.Debug|Any CPU.Build.0 = Debug|Any CPU
		{EA16E28B-9E42-47B8-A4A6-7052300BF3E3}.Release|Any CPU.ActiveCfg = Release|Any CPU
		{EA16E28B-9E42-47B8-A4A6-7052300BF3E3}.Release|Any CPU.Build.0 = Release|Any CPU
		{CECA8298-A25F-4C93-9B34-FC0E51EF720C}.Debug|Any CPU.ActiveCfg = Debug|Any CPU
		{CECA8298-A25F-4C93-9B34-FC0E51EF720C}.Debug|Any CPU.Build.0 = Debug|Any CPU
		{CECA8298-A25F-4C93-9B34-FC0E51EF720C}.Release|Any CPU.ActiveCfg = Release|Any CPU
		{CECA8298-A25F-4C93-9B34-FC0E51EF720C}.Release|Any CPU.Build.0 = Release|Any CPU
		{63B10475-1EAD-42CF-962E-467C210AB2B5}.Debug|Any CPU.ActiveCfg = Debug|Any CPU
		{63B10475-1EAD-42CF-962E-467C210AB2B5}.Debug|Any CPU.Build.0 = Debug|Any CPU
		{63B10475-1EAD-42CF-962E-467C210AB2B5}.Release|Any CPU.ActiveCfg = Release|Any CPU
		{63B10475-1EAD-42CF-962E-467C210AB2B5}.Release|Any CPU.Build.0 = Release|Any CPU
		{12F856F1-A2D7-4F88-B999-41BBD6D89965}.Debug|Any CPU.ActiveCfg = Debug|Any CPU
		{12F856F1-A2D7-4F88-B999-41BBD6D89965}.Debug|Any CPU.Build.0 = Debug|Any CPU
		{12F856F1-A2D7-4F88-B999-41BBD6D89965}.Release|Any CPU.ActiveCfg = Release|Any CPU
		{12F856F1-A2D7-4F88-B999-41BBD6D89965}.Release|Any CPU.Build.0 = Release|Any CPU
		{444CEAD6-B5A3-442E-8462-A0E4529786C6}.Debug|Any CPU.ActiveCfg = Debug|Any CPU
		{444CEAD6-B5A3-442E-8462-A0E4529786C6}.Debug|Any CPU.Build.0 = Debug|Any CPU
		{444CEAD6-B5A3-442E-8462-A0E4529786C6}.Release|Any CPU.ActiveCfg = Release|Any CPU
		{444CEAD6-B5A3-442E-8462-A0E4529786C6}.Release|Any CPU.Build.0 = Release|Any CPU
		{6D6E68BA-463F-4DF7-9F47-85745CB95E61}.Debug|Any CPU.ActiveCfg = Debug|Any CPU
		{6D6E68BA-463F-4DF7-9F47-85745CB95E61}.Debug|Any CPU.Build.0 = Debug|Any CPU
		{6D6E68BA-463F-4DF7-9F47-85745CB95E61}.Release|Any CPU.ActiveCfg = Release|Any CPU
		{6D6E68BA-463F-4DF7-9F47-85745CB95E61}.Release|Any CPU.Build.0 = Release|Any CPU
		{9DC7AE24-0359-45D3-BA20-409FB44CCFEF}.Debug|Any CPU.ActiveCfg = Debug|Any CPU
		{9DC7AE24-0359-45D3-BA20-409FB44CCFEF}.Debug|Any CPU.Build.0 = Debug|Any CPU
		{9DC7AE24-0359-45D3-BA20-409FB44CCFEF}.Release|Any CPU.ActiveCfg = Release|Any CPU
		{9DC7AE24-0359-45D3-BA20-409FB44CCFEF}.Release|Any CPU.Build.0 = Release|Any CPU
		{D55F6F75-7757-4DB4-9C90-63EF2DBCE5C6}.Debug|Any CPU.ActiveCfg = Debug|Any CPU
		{D55F6F75-7757-4DB4-9C90-63EF2DBCE5C6}.Debug|Any CPU.Build.0 = Debug|Any CPU
		{D55F6F75-7757-4DB4-9C90-63EF2DBCE5C6}.Release|Any CPU.ActiveCfg = Release|Any CPU
		{D55F6F75-7757-4DB4-9C90-63EF2DBCE5C6}.Release|Any CPU.Build.0 = Release|Any CPU
	EndGlobalSection
	GlobalSection(SolutionProperties) = preSolution
		HideSolutionNode = FALSE
	EndGlobalSection
	GlobalSection(NestedProjects) = preSolution
		{5284F06D-9CF1-4DFB-A675-77FEAA269C27} = {C2E7984E-45BE-4AE8-897C-D91918EEA63D}
		{41115E71-5656-4799-A2D0-1FEAB9E4F817} = {C2E7984E-45BE-4AE8-897C-D91918EEA63D}
		{0FAA85AE-3ADE-4064-B779-726E43E1B0C4} = {C2E7984E-45BE-4AE8-897C-D91918EEA63D}
		{F39E3E48-2ABB-4CAB-8E50-7CD2AC3B8F1C} = {C2E7984E-45BE-4AE8-897C-D91918EEA63D}
		{61E8A729-1465-46C0-A6C5-FD5FC82C4BC1} = {C2E7984E-45BE-4AE8-897C-D91918EEA63D}
		{DA357CBE-40F5-44BF-A925-FDB995F9BB26} = {6F99ABFA-3306-4070-9190-CF300D4CC31B}
		{06E166F4-6D63-49D6-A005-8ED2B953A15D} = {6F99ABFA-3306-4070-9190-CF300D4CC31B}
		{8A70D0B8-28B6-4E68-A190-C6EE1BF5ED5A} = {6F99ABFA-3306-4070-9190-CF300D4CC31B}
		{26F764F8-B561-42AE-93F8-30DCD69CD65B} = {6F99ABFA-3306-4070-9190-CF300D4CC31B}
		{E25D1B96-45A9-4731-9ED2-930686634C19} = {6F99ABFA-3306-4070-9190-CF300D4CC31B}
		{C09D56DD-5518-4881-9206-1CC4F8FD2EE0} = {2A582A72-7600-42EA-918F-64FA1B7CFFBD}
		{EA16E28B-9E42-47B8-A4A6-7052300BF3E3} = {2A582A72-7600-42EA-918F-64FA1B7CFFBD}
		{CECA8298-A25F-4C93-9B34-FC0E51EF720C} = {2A582A72-7600-42EA-918F-64FA1B7CFFBD}
		{63B10475-1EAD-42CF-962E-467C210AB2B5} = {2A582A72-7600-42EA-918F-64FA1B7CFFBD}
		{12F856F1-A2D7-4F88-B999-41BBD6D89965} = {414396F1-D3C7-4382-A344-CE1C0F6C49A2}
		{444CEAD6-B5A3-442E-8462-A0E4529786C6} = {414396F1-D3C7-4382-A344-CE1C0F6C49A2}
		{6D6E68BA-463F-4DF7-9F47-85745CB95E61} = {414396F1-D3C7-4382-A344-CE1C0F6C49A2}
		{9DC7AE24-0359-45D3-BA20-409FB44CCFEF} = {414396F1-D3C7-4382-A344-CE1C0F6C49A2}
		{D55F6F75-7757-4DB4-9C90-63EF2DBCE5C6} = {359D228C-15E7-45E0-B3D4-06FF213F6080}
	EndGlobalSection
	GlobalSection(ExtensibilityGlobals) = postSolution
		SolutionGuid = {4668895E-6EF4-48E7-8A7A-7B127B5966DB}
	EndGlobalSection
EndGlobal
